%{
  "castore": {:hex, :castore, "0.1.10", "b01a007416a0ae4188e70b3b306236021b16c11474038ead7aff79dd75538c23", [:mix], [], "hexpm", "a48314e0cb45682db2ea27b8ebfa11bd6fa0a6e21a65e5772ad83ca136ff2665"},
  "finch": {:hex, :finch, "0.3.2", "993dddb23cd9b50ad395ed994b317c7ce2c095e6017ffd5a5b65abdb5b7e5d1c", [:mix], [{:castore, "~> 0.1.5", [hex: :castore, repo: "hexpm", optional: false]}, {:mint, "~> 1.0", [hex: :mint, repo: "hexpm", optional: false]}, {:nimble_options, "~> 0.2.0", [hex: :nimble_options, repo: "hexpm", optional: false]}, {:nimble_pool, "~> 0.1.0", [hex: :nimble_pool, repo: "hexpm", optional: false]}, {:telemetry, "~> 0.4.0", [hex: :telemetry, repo: "hexpm", optional: false]}], "hexpm", "85be155ad3f6a1d806610f2b83e054d3201dc2fd1c4e97d47f40687ad877193a"},
  "mint": {:hex, :mint, "1.3.0", "396b3301102f7b775e103da5a20494b25753aed818d6d6f0ad222a3a018c3600", [:mix], [{:castore, "~> 0.1.0", [hex: :castore, repo: "hexpm", optional: true]}], "hexpm", "a9aac960562e43ca69a77e5176576abfa78b8398cec5543dd4fb4ab0131d5c1e"},
  "nimble_options": {:hex, :nimble_options, "0.2.1", "7eac99688c2544d4cc3ace36ee8f2bf4d738c14d031bd1e1193aab096309d488", [:mix], [], "hexpm", "ca48293609306791ce2634818d849b7defe09330adb7e4e1118a0bc59bed1cf4"},
  "nimble_pool": {:hex, :nimble_pool, "0.1.0", "ffa9d5be27eee2b00b0c634eb649aa27f97b39186fec3c493716c2a33e784ec6", [:mix], [], "hexpm", "343a1eaa620ddcf3430a83f39f2af499fe2370390d4f785cd475b4df5acaf3f9"},
  "telemetry": {:hex, :telemetry, "0.4.3", "a06428a514bdbc63293cd9a6263aad00ddeb66f608163bdec7c8995784080818", [:rebar3], [], "hexpm", "eb72b8365ffda5bed68a620d1da88525e326cb82a75ee61354fc24b844768041"},
  "typed_struct": {:hex, :typed_struct, "0.2.1", "e1993414c371f09ff25231393b6430bd89d780e2a499ae3b2d2b00852f593d97", [:mix], [], "hexpm", "8f5218c35ec38262f627b2c522542f1eae41f625f92649c0af701a6fab2e11b3"},
  "websockex": {:hex, :websockex, "0.4.3", "92b7905769c79c6480c02daacaca2ddd49de936d912976a4d3c923723b647bf0", [:mix], [], "hexpm", "95f2e7072b85a3a4cc385602d42115b73ce0b74a9121d0d6dbbf557645ac53e4"},
}
